
Microsoft Visual Studio Solution File, Format Version 12.00
# Visual Studio Version 17
VisualStudioVersion = 17.9.34728.123
MinimumVisualStudioVersion = 10.0.40219.1
Project("{FAE04EC0-301F-11D3-BF4B-00C04F79EFBC}") = "CalcularMedia", "CalcularMedia\CalcularMedia.csproj", "{AD0520B5-1A9C-4C7C-A6D9-79CAC9035AAC}"
EndProject
Global
	GlobalSection(SolutionConfigurationPlatforms) = preSolution
		Debug|Any CPU = Debug|Any CPU
		Release|Any CPU = Release|Any CPU
	EndGlobalSection
	GlobalSection(ProjectConfigurationPlatforms) = postSolution
		{AD0520B5-1A9C-4C7C-A6D9-79CAC9035AAC}.Debug|Any CPU.ActiveCfg = Debug|Any CPU
		{AD0520B5-1A9C-4C7C-A6D9-79CAC9035AAC}.Debug|Any CPU.Build.0 = Debug|Any CPU
		{AD0520B5-1A9C-4C7C-A6D9-79CAC9035AAC}.Release|Any CPU.ActiveCfg = Release|Any CPU
		{AD0520B5-1A9C-4C7C-A6D9-79CAC9035AAC}.Release|Any CPU.Build.0 = Release|Any CPU
	EndGlobalSection
	GlobalSection(SolutionProperties) = preSolution
		HideSolutionNode = FALSE
	EndGlobalSection
	GlobalSection(ExtensibilityGlobals) = postSolution
		SolutionGuid = {3893E4CC-2191-4C6C-AC0D-A32EAD502A4C}
	EndGlobalSection
EndGlobal
